
Microsoft Visual Studio Solution File, Format Version 12.00
# Visual Studio Version 17
VisualStudioVersion = 17.7.34031.279
MinimumVisualStudioVersion = 10.0.40219.1
Project("{FAE04EC0-301F-11D3-BF4B-00C04F79EFBC}") = "TheRocketCode", "TheRocketCode\TheRocketCode.csproj", "{2D993BB0-4846-4904-A032-66D17EBD811C}"
EndProject
Global
	GlobalSection(SolutionConfigurationPlatforms) = preSolution
		Debug|Any CPU = Debug|Any CPU
		Release|Any CPU = Release|Any CPU
	EndGlobalSection
	GlobalSection(ProjectConfigurationPlatforms) = postSolution
		{2D993BB0-4846-4904-A032-66D17EBD811C}.Debug|Any CPU.ActiveCfg = Debug|Any CPU
		{2D993BB0-4846-4904-A032-66D17EBD811C}.Debug|Any CPU.Build.0 = Debug|Any CPU
		{2D993BB0-4846-4904-A032-66D17EBD811C}.Release|Any CPU.ActiveCfg = Release|Any CPU
		{2D993BB0-4846-4904-A032-66D17EBD811C}.Release|Any CPU.Build.0 = Release|Any CPU
	EndGlobalSection
	GlobalSection(SolutionProperties) = preSolution
		HideSolutionNode = FALSE
	EndGlobalSection
	GlobalSection(ExtensibilityGlobals) = postSolution
		SolutionGuid = {9A770BCC-1735-4DF2-A71B-3AFD9884BC4C}
	EndGlobalSection
EndGlobal
